{
  "name": "emoji-search-enhanced",
  "version": "1.0.0",
  "lockfileVersion": 1,
  "requires": true,
  "dependencies": {
    "@types/emojione": {
      "version": "2.2.6",
      "resolved": "https://registry.npmjs.org/@types/emojione/-/emojione-2.2.6.tgz",
      "integrity": "sha512-2OJGfbqLOFFawMp61cxpJ+QsLA/2LDUdqWb2YMVNP8q/FXSxdkv0hdqm3EcjNfyfcpZ0HjOjMATwXdx/xpTlOA=="
    },
    "emojione": {
      "version": "4.5.0",
      "resolved": "https://registry.npmjs.org/emojione/-/emojione-4.5.0.tgz",
      "integrity": "sha512-Tq55Y3UgPOnayFDN+Qd6QMP0rpoH10a1nhSFN27s8gXW3qymgFIHiXys2ECYYAI134BafmI3qP9ni2rZOe9BjA=="
    },
    "typescript": {
      "version": "4.2.4",
      "resolved": "https://registry.npmjs.org/typescript/-/typescript-4.2.4.tgz",
      "integrity": "sha512-V+evlYHZnQkaz8TRBuxTA92yZBPotr5H+WhQ7bD3hZUndx5tGOa1fuCgeSjxAzM1RiN5IzvadIXTVefuuwZCRg==",
      "dev": true
    }
  }
}
